{
  "name": "terra-lab",
  "version": "0.1.0",
  "lockfileVersion": 3,
  "requires": true,
  "packages": {
    "": {
      "name": "terra-lab",
      "version": "0.1.0",
      "dependencies": {
        "@fontsource/inter": "5.3.0",
        "@fontsource/jetbrains-mono": "5.3.0",
        "@lucide/svelte": "^1.40.0",
        "@sveltejs/vite-plugin-svelte": "7.3.0",
        "@tailwindcss/vite": "4.3.3",
        "cuelume": "^0.2.2",
        "hjson": "3.2.2",
        "svelte": "5.56.9",
        "tailwindcss": "4.3.3",
        "vite": "8.2.2"
      }
    },
    "node_modules/@fontsource/inter": {
      "version": "5.3.0",
      "license": "OFL-1.1",
      "funding": {
        "url": "https://github.com/sponsors/ayuhito"
      }
    },
    "node_modules/@fontsource/jetbrains-mono": {
      "version": "5.3.0",
      "license": "OFL-1.1",
      "funding": {
        "url": "https://github.com/sponsors/ayuhito"
      }
    },
    "node_modules/@jridgewell/gen-mapping": {
      "version": "0.3.13",
      "license": "MIT",
      "dependencies": {
        "@jridgewell/sourcemap-codec": "^1.5.0",
        "@jridgewell/trace-mapping": "^0.3.24"
      }
    },
    "node_modules/@jridgewell/remapping": {
      "version": "2.3.5",
      "license": "MIT",
      "dependencies": {
        "@jridgewell/gen-mapping": "^0.3.5",
        "@jridgewell/trace-mapping": "^0.3.24"
      }
    },
    "node_modules/@jridgewell/resolve-uri": {
      "version": "3.1.2",
      "license": "MIT",
      "engines": {
        "node": ">=6.0.0"
      }
    },
    "node_modules/@jridgewell/sourcemap-codec": {
      "version": "1.5.5",
      "license": "MIT"
    },
    "node_modules/@jridgewell/trace-mapping": {
      "version": "0.3.31",
      "license": "MIT",
      "dependencies": {
        "@jridgewell/resolve-uri": "^3.1.0",
        "@jridgewell/sourcemap-codec": "^1.4.14"
      }
    },
    "node_modules/@lucide/svelte": {
      "version": "1.40.0",
      "resolved": "https://registry.npmjs.org/@lucide/svelte/-/svelte-1.40.0.tgz",
      "integrity": "sha512-Uf0kxl48bLepYJDnXddrYX0/YuK2KnaF/tPm0zSZZEcEvrpJ9U8dPAFOC7LYATzjoNntwEAcugUXKZZ5/Gfo1Q==",
      "license": "ISC",
      "peerDependencies": {
        "svelte": "^5"
      }
    },
    "node_modules/@oxc-project/types": {
      "version": "0.146.0",
      "license": "MIT",
      "funding": {
        "url": "https://github.com/sponsors/Boshen"
      }
    },
    "node_modules/@rolldown/binding-win32-x64-msvc": {
      "version": "1.2.5",
      "cpu": [
        "x64"
      ],
      "license": "MIT",
      "optional": true,
      "os": [
        "win32"
      ],
      "engines": {
        "node": "^20.19.0 || >=22.12.0"
      }
    },
    "node_modules/@rolldown/pluginutils": {
      "version": "1.0.1",
      "license": "MIT"
    },
    "node_modules/@sveltejs/acorn-typescript": {
      "version": "1.0.13",
      "license": "MIT",
      "peerDependencies": {
        "acorn": "^8.9.0"
      }
    },
    "node_modules/@sveltejs/vite-plugin-svelte": {
      "version": "7.3.0",
      "license": "MIT",
      "dependencies": {
        "deepmerge": "^4.3.1",
        "magic-string": "^1.0.0",
        "obug": "^2.1.0",
        "vitefu": "^1.1.2"
      },
      "engines": {
        "node": "^20.19 || ^22.12 || >=24"
      },
      "peerDependencies": {
        "svelte": "^5.46.4",
        "vite": "^8.0.0-beta.7 || ^8.0.0"
      }
    },
    "node_modules/@tailwindcss/node": {
      "version": "4.3.3",
      "license": "MIT",
      "dependencies": {
        "@jridgewell/remapping": "^2.3.5",
        "enhanced-resolve": "^5.24.1",
        "jiti": "^2.7.0",
        "lightningcss": "1.32.0",
        "magic-string": "^0.30.21",
        "source-map-js": "^1.2.1",
        "tailwindcss": "4.3.3"
      }
    },
    "node_modules/@tailwindcss/node/node_modules/lightningcss": {
      "version": "1.32.0",
      "license": "MPL-2.0",
      "dependencies": {
        "detect-libc": "^2.0.3"
      },
      "engines": {
        "node": ">= 12.0.0"
      },
      "funding": {
        "type": "opencollective",
        "url": "https://opencollective.com/parcel"
      },
      "optionalDependencies": {
        "lightningcss-android-arm64": "1.32.0",
        "lightningcss-darwin-arm64": "1.32.0",
        "lightningcss-darwin-x64": "1.32.0",
        "lightningcss-freebsd-x64": "1.32.0",
        "lightningcss-linux-arm-gnueabihf": "1.32.0",
        "lightningcss-linux-arm64-gnu": "1.32.0",
        "lightningcss-linux-arm64-musl": "1.32.0",
        "lightningcss-linux-x64-gnu": "1.32.0",
        "lightningcss-linux-x64-musl": "1.32.0",
        "lightningcss-win32-arm64-msvc": "1.32.0",
        "lightningcss-win32-x64-msvc": "1.32.0"
      }
    },
    "node_modules/@tailwindcss/node/node_modules/lightningcss/node_modules/lightningcss-win32-x64-msvc": {
      "version": "1.32.0",
      "cpu": [
        "x64"
      ],
      "license": "MPL-2.0",
      "optional": true,
      "os": [
        "win32"
      ],
      "engines": {
        "node": ">= 12.0.0"
      },
      "funding": {
        "type": "opencollective",
        "url": "https://opencollective.com/parcel"
      }
    },
    "node_modules/@tailwindcss/node/node_modules/magic-string": {
      "version": "0.30.21",
      "license": "MIT",
      "dependencies": {
        "@jridgewell/sourcemap-codec": "^1.5.5"
      }
    },
    "node_modules/@tailwindcss/oxide": {
      "version": "4.3.3",
      "license": "MIT",
      "engines": {
        "node": ">= 20"
      },
      "optionalDependencies": {
        "@tailwindcss/oxide-android-arm64": "4.3.3",
        "@tailwindcss/oxide-darwin-arm64": "4.3.3",
        "@tailwindcss/oxide-darwin-x64": "4.3.3",
        "@tailwindcss/oxide-freebsd-x64": "4.3.3",
        "@tailwindcss/oxide-linux-arm-gnueabihf": "4.3.3",
        "@tailwindcss/oxide-linux-arm64-gnu": "4.3.3",
        "@tailwindcss/oxide-linux-arm64-musl": "4.3.3",
        "@tailwindcss/oxide-linux-x64-gnu": "4.3.3",
        "@tailwindcss/oxide-linux-x64-musl": "4.3.3",
        "@tailwindcss/oxide-wasm32-wasi": "4.3.3",
        "@tailwindcss/oxide-win32-arm64-msvc": "4.3.3",
        "@tailwindcss/oxide-win32-x64-msvc": "4.3.3"
      }
    },
    "node_modules/@tailwindcss/oxide-win32-x64-msvc": {
      "version": "4.3.3",
      "cpu": [
        "x64"
      ],
      "license": "MIT",
      "optional": true,
      "os": [
        "win32"
      ],
      "engines": {
        "node": ">= 20"
      }
    },
    "node_modules/@tailwindcss/vite": {
      "version": "4.3.3",
      "license": "MIT",
      "dependencies": {
        "@tailwindcss/node": "4.3.3",
        "@tailwindcss/oxide": "4.3.3",
        "tailwindcss": "4.3.3"
      },
      "peerDependencies": {
        "vite": "^5.2.0 || ^6 || ^7 || ^8"
      }
    },
    "node_modules/@types/estree": {
      "version": "1.0.9",
      "license": "MIT"
    },
    "node_modules/@types/trusted-types": {
      "version": "2.0.7",
      "license": "MIT"
    },
    "node_modules/acorn": {
      "version": "8.18.0",
      "license": "MIT",
      "bin": {
        "acorn": "bin/acorn"
      },
      "engines": {
        "node": ">=0.4.0"
      }
    },
    "node_modules/aria-query": {
      "version": "5.3.1",
      "license": "Apache-2.0",
      "engines": {
        "node": ">= 0.4"
      }
    },
    "node_modules/axobject-query": {
      "version": "4.1.0",
      "license": "Apache-2.0",
      "engines": {
        "node": ">= 0.4"
      }
    },
    "node_modules/clsx": {
      "version": "2.1.1",
      "license": "MIT",
      "engines": {
        "node": ">=6"
      }
    },
    "node_modules/cuelume": {
      "version": "0.2.2",
      "resolved": "https://registry.npmjs.org/cuelume/-/cuelume-0.2.2.tgz",
      "integrity": "sha512-TiNzJRjhddjC4jy4M7sv63V/86VaFhdIs6iHUCrc4CKhqypaxRBv1aedCBGebrz/cO7nroPkEfqHe/P7fOE2GQ==",
      "license": "MIT"
    },
    "node_modules/deepmerge": {
      "version": "4.3.1",
      "license": "MIT",
      "engines": {
        "node": ">=0.10.0"
      }
    },
    "node_modules/detect-libc": {
      "version": "2.1.2",
      "license": "Apache-2.0",
      "engines": {
        "node": ">=8"
      }
    },
    "node_modules/devalue": {
      "version": "5.9.1",
      "license": "MIT"
    },
    "node_modules/enhanced-resolve": {
      "version": "5.24.5",
      "license": "MIT",
      "dependencies": {
        "graceful-fs": "^4.2.4",
        "tapable": "^2.3.3"
      },
      "engines": {
        "node": ">=10.13.0"
      }
    },
    "node_modules/esm-env": {
      "version": "1.2.2",
      "license": "MIT"
    },
    "node_modules/esrap": {
      "version": "2.3.5",
      "license": "MIT",
      "dependencies": {
        "@jridgewell/sourcemap-codec": "^1.4.15"
      },
      "peerDependencies": {
        "@typescript-eslint/types": "^8.2.0"
      },
      "peerDependenciesMeta": {
        "@typescript-eslint/types": {
          "optional": true
        }
      }
    },
    "node_modules/fdir": {
      "version": "6.5.0",
      "license": "MIT",
      "engines": {
        "node": ">=12.0.0"
      },
      "peerDependencies": {
        "picomatch": "^3 || ^4"
      },
      "peerDependenciesMeta": {
        "picomatch": {
          "optional": true
        }
      }
    },
    "node_modules/graceful-fs": {
      "version": "4.2.11",
      "license": "ISC"
    },
    "node_modules/hjson": {
      "version": "3.2.2",
      "license": "MIT",
      "bin": {
        "hjson": "bin/hjson"
      }
    },
    "node_modules/is-reference": {
      "version": "3.0.3",
      "license": "MIT",
      "dependencies": {
        "@types/estree": "^1.0.6"
      }
    },
    "node_modules/jiti": {
      "version": "2.7.0",
      "license": "MIT",
      "bin": {
        "jiti": "lib/jiti-cli.mjs"
      }
    },
    "node_modules/lightningcss": {
      "version": "1.33.0",
      "license": "MPL-2.0",
      "dependencies": {
        "detect-libc": "^2.0.3"
      },
      "engines": {
        "node": ">= 12.0.0"
      },
      "funding": {
        "type": "opencollective",
        "url": "https://opencollective.com/parcel"
      },
      "optionalDependencies": {
        "lightningcss-android-arm64": "1.33.0",
        "lightningcss-darwin-arm64": "1.33.0",
        "lightningcss-darwin-x64": "1.33.0",
        "lightningcss-freebsd-x64": "1.33.0",
        "lightningcss-linux-arm-gnueabihf": "1.33.0",
        "lightningcss-linux-arm64-gnu": "1.33.0",
        "lightningcss-linux-arm64-musl": "1.33.0",
        "lightningcss-linux-x64-gnu": "1.33.0",
        "lightningcss-linux-x64-musl": "1.33.0",
        "lightningcss-win32-arm64-msvc": "1.33.0",
        "lightningcss-win32-x64-msvc": "1.33.0"
      }
    },
    "node_modules/lightningcss-win32-x64-msvc": {
      "version": "1.33.0",
      "cpu": [
        "x64"
      ],
      "license": "MPL-2.0",
      "optional": true,
      "os": [
        "win32"
      ],
      "engines": {
        "node": ">= 12.0.0"
      },
      "funding": {
        "type": "opencollective",
        "url": "https://opencollective.com/parcel"
      }
    },
    "node_modules/locate-character": {
      "version": "3.0.0",
      "license": "MIT"
    },
    "node_modules/magic-string": {
      "version": "1.2.2",
      "license": "MIT",
      "dependencies": {
        "@jridgewell/sourcemap-codec": "^1.5.5"
      }
    },
    "node_modules/nanoid": {
      "version": "3.3.18",
      "funding": [
        {
          "type": "github",
          "url": "https://github.com/sponsors/ai"
        }
      ],
      "license": "MIT",
      "bin": {
        "nanoid": "bin/nanoid.cjs"
      },
      "engines": {
        "node": "^10 || ^12 || ^13.7 || ^14 || >=15.0.1"
      }
    },
    "node_modules/obug": {
      "version": "2.1.4",
      "funding": [
        "https://github.com/sponsors/sxzz",
        "https://opencollective.com/debug"
      ],
      "license": "MIT",
      "engines": {
        "node": ">=12.20.0"
      }
    },
    "node_modules/picocolors": {
      "version": "1.1.1",
      "license": "ISC"
    },
    "node_modules/picomatch": {
      "version": "4.0.5",
      "license": "MIT",
      "engines": {
        "node": ">=12"
      },
      "funding": {
        "url": "https://github.com/sponsors/jonschlinkert"
      }
    },
    "node_modules/postcss": {
      "version": "8.5.26",
      "funding": [
        {
          "type": "opencollective",
          "url": "https://opencollective.com/postcss/"
        },
        {
          "type": "tidelift",
          "url": "https://tidelift.com/funding/github/npm/postcss"
        },
        {
          "type": "github",
          "url": "https://github.com/sponsors/ai"
        }
      ],
      "license": "MIT",
      "dependencies": {
        "nanoid": "^3.3.17",
        "picocolors": "^1.1.1",
        "source-map-js": "^1.2.1"
      },
      "engines": {
        "node": "^10 || ^12 || >=14"
      }
    },
    "node_modules/rolldown": {
      "version": "1.2.5",
      "license": "MIT",
      "dependencies": {
        "@oxc-project/types": "=0.146.0",
        "@rolldown/pluginutils": "^1.0.0"
      },
      "bin": {
        "rolldown": "bin/cli.mjs"
      },
      "engines": {
        "node": "^20.19.0 || >=22.12.0"
      },
      "optionalDependencies": {
        "@rolldown/binding-android-arm-eabi": "1.2.5",
        "@rolldown/binding-android-arm64": "1.2.5",
        "@rolldown/binding-darwin-arm64": "1.2.5",
        "@rolldown/binding-darwin-x64": "1.2.5",
        "@rolldown/binding-freebsd-x64": "1.2.5",
        "@rolldown/binding-linux-arm-gnueabihf": "1.2.5",
        "@rolldown/binding-linux-arm64-gnu": "1.2.5",
        "@rolldown/binding-linux-arm64-musl": "1.2.5",
        "@rolldown/binding-linux-ppc64-gnu": "1.2.5",
        "@rolldown/binding-linux-s390x-gnu": "1.2.5",
        "@rolldown/binding-linux-x64-gnu": "1.2.5",
        "@rolldown/binding-linux-x64-musl": "1.2.5",
        "@rolldown/binding-openharmony-arm64": "1.2.5",
        "@rolldown/binding-win32-arm64-msvc": "1.2.5",
        "@rolldown/binding-win32-x64-msvc": "1.2.5"
      }
    },
    "node_modules/source-map-js": {
      "version": "1.2.1",
      "license": "BSD-3-Clause",
      "engines": {
        "node": ">=0.10.0"
      }
    },
    "node_modules/svelte": {
      "version": "5.56.9",
      "license": "MIT",
      "dependencies": {
        "@jridgewell/remapping": "^2.3.4",
        "@jridgewell/sourcemap-codec": "^1.5.0",
        "@sveltejs/acorn-typescript": "^1.0.10",
        "@types/estree": "^1.0.5",
        "@types/trusted-types": "^2.0.7",
        "acorn": "^8.12.1",
        "aria-query": "5.3.1",
        "axobject-query": "^4.1.0",
        "clsx": "^2.1.1",
        "devalue": "^5.8.1",
        "esm-env": "^1.2.1",
        "esrap": "^2.2.12",
        "is-reference": "^3.0.3",
        "locate-character": "^3.0.0",
        "magic-string": "^0.30.11",
        "zimmerframe": "^1.1.2"
      },
      "engines": {
        "node": ">=18"
      }
    },
    "node_modules/svelte/node_modules/magic-string": {
      "version": "0.30.21",
      "license": "MIT",
      "dependencies": {
        "@jridgewell/sourcemap-codec": "^1.5.5"
      }
    },
    "node_modules/tailwindcss": {
      "version": "4.3.3",
      "license": "MIT"
    },
    "node_modules/tapable": {
      "version": "2.3.3",
      "license": "MIT",
      "engines": {
        "node": ">=6"
      },
      "funding": {
        "type": "opencollective",
        "url": "https://opencollective.com/webpack"
      }
    },
    "node_modules/tinyglobby": {
      "version": "0.2.17",
      "license": "MIT",
      "dependencies": {
        "fdir": "^6.5.0",
        "picomatch": "^4.0.4"
      },
      "engines": {
        "node": ">=12.0.0"
      },
      "funding": {
        "url": "https://github.com/sponsors/SuperchupuDev"
      }
    },
    "node_modules/vite": {
      "version": "8.2.2",
      "license": "MIT",
      "dependencies": {
        "lightningcss": "^1.33.0",
        "picomatch": "^4.0.5",
        "postcss": "^8.5.26",
        "rolldown": "~1.2.4",
        "tinyglobby": "^0.2.17"
      },
      "bin": {
        "vite": "bin/vite.js"
      },
      "engines": {
        "node": "^20.19.0 || >=22.12.0"
      },
      "funding": {
        "url": "https://github.com/vitejs/vite?sponsor=1"
      },
      "optionalDependencies": {
        "fsevents": "~2.3.3"
      },
      "peerDependencies": {
        "@types/node": "^20.19.0 || >=22.12.0",
        "@vitejs/devtools": "^0.4.0 || ^0.5.0",
        "esbuild": "^0.27.0 || ^0.28.0",
        "jiti": ">=1.21.0",
        "less": "^4.0.0",
        "sass": "^1.70.0",
        "sass-embedded": "^1.70.0",
        "stylus": ">=0.54.8",
        "sugarss": "^5.0.0",
        "terser": "^5.16.0",
        "tsx": "^4.8.1",
        "yaml": "^2.4.2"
      },
      "peerDependenciesMeta": {
        "@types/node": {
          "optional": true
        },
        "@vitejs/devtools": {
          "optional": true
        },
        "esbuild": {
          "optional": true
        },
        "jiti": {
          "optional": true
        },
        "less": {
          "optional": true
        },
        "sass": {
          "optional": true
        },
        "sass-embedded": {
          "optional": true
        },
        "stylus": {
          "optional": true
        },
        "sugarss": {
          "optional": true
        },
        "terser": {
          "optional": true
        },
        "tsx": {
          "optional": true
        },
        "yaml": {
          "optional": true
        }
      }
    },
    "node_modules/vitefu": {
      "version": "1.1.3",
      "license": "MIT",
      "workspaces": [
        "tests/deps/*",
        "tests/projects/*",
        "tests/projects/workspace/packages/*"
      ],
      "peerDependencies": {
        "vite": "^3.0.0 || ^4.0.0 || ^5.0.0 || ^6.0.0 || ^7.0.0 || ^8.0.0"
      },
      "peerDependenciesMeta": {
        "vite": {
          "optional": true
        }
      }
    },
    "node_modules/zimmerframe": {
      "version": "1.1.4",
      "license": "MIT"
    }
  }
}
